
Microsoft Visual Studio Solution File, Format Version 12.00
# Visual Studio 15
VisualStudioVersion = 15.0.28307.902
MinimumVisualStudioVersion = 10.0.40219.1
Project("{9A19103F-16F7-4668-BE54-9A1E7A4F7556}") = "PassengersMonitoringApi", "PassengersMonitoringApi\PassengersMonitoringApi.csproj", "{40F2774C-8EB5-4193-9722-DB7FC205043D}"
EndProject
Project("{9A19103F-16F7-4668-BE54-9A1E7A4F7556}") = "PassengersMonitoring.Data", "PassengersMonitoring.Data\PassengersMonitoring.Data.csproj", "{5F1E49FA-F77C-42D9-8171-0AF513BEFAC5}"
EndProject
Project("{9A19103F-16F7-4668-BE54-9A1E7A4F7556}") = "PassengersMonitoring.Model", "PassengersMonitoring.Model\PassengersMonitoring.Model.csproj", "{C525F5C3-F2AD-45B3-AA84-FC20936E3E8F}"
EndProject
Project("{9A19103F-16F7-4668-BE54-9A1E7A4F7556}") = "PassengersMonitoring.Module.Passengers", "PassengersMonitoring.Module.Passengers\PassengersMonitoring.Module.Passengers.csproj", "{7721908A-EF46-4C8C-9DC0-3885956B9389}"
EndProject
Project("{9A19103F-16F7-4668-BE54-9A1E7A4F7556}") = "PassengersMonitoring.ModuleSharedKernel", "PassengersMonitoring.ModuleSharedKernel\PassengersMonitoring.ModuleSharedKernel.csproj", "{0D9869EC-023A-4EE1-B9E9-A0ADC9B508AD}"
EndProject
Project("{9A19103F-16F7-4668-BE54-9A1E7A4F7556}") = "PassengersMonitoring.Common", "PassengersMonitoring.Common\PassengersMonitoring.Common.csproj", "{C6148093-D401-4181-9515-FBBF49BF71CC}"
EndProject
Project("{FAE04EC0-301F-11D3-BF4B-00C04F79EFBC}") = "PassengersMonitoring.Module.Identity", "PassengersMonitoring.Module.Identity\PassengersMonitoring.Module.Identity.csproj", "{2C826B63-D82A-4C0B-81D7-C98C3DAA57D5}"
EndProject
Global
	GlobalSection(SolutionConfigurationPlatforms) = preSolution
		Debug|Any CPU = Debug|Any CPU
		Release|Any CPU = Release|Any CPU
	EndGlobalSection
	GlobalSection(ProjectConfigurationPlatforms) = postSolution
		{40F2774C-8EB5-4193-9722-DB7FC205043D}.Debug|Any CPU.ActiveCfg = Debug|Any CPU
		{40F2774C-8EB5-4193-9722-DB7FC205043D}.Debug|Any CPU.Build.0 = Debug|Any CPU
		{40F2774C-8EB5-4193-9722-DB7FC205043D}.Release|Any CPU.ActiveCfg = Release|Any CPU
		{40F2774C-8EB5-4193-9722-DB7FC205043D}.Release|Any CPU.Build.0 = Release|Any CPU
		{5F1E49FA-F77C-42D9-8171-0AF513BEFAC5}.Debug|Any CPU.ActiveCfg = Debug|Any CPU
		{5F1E49FA-F77C-42D9-8171-0AF513BEFAC5}.Debug|Any CPU.Build.0 = Debug|Any CPU
		{5F1E49FA-F77C-42D9-8171-0AF513BEFAC5}.Release|Any CPU.ActiveCfg = Release|Any CPU
		{5F1E49FA-F77C-42D9-8171-0AF513BEFAC5}.Release|Any CPU.Build.0 = Release|Any CPU
		{C525F5C3-F2AD-45B3-AA84-FC20936E3E8F}.Debug|Any CPU.ActiveCfg = Debug|Any CPU
		{C525F5C3-F2AD-45B3-AA84-FC20936E3E8F}.Debug|Any CPU.Build.0 = Debug|Any CPU
		{C525F5C3-F2AD-45B3-AA84-FC20936E3E8F}.Release|Any CPU.ActiveCfg = Release|Any CPU
		{C525F5C3-F2AD-45B3-AA84-FC20936E3E8F}.Release|Any CPU.Build.0 = Release|Any CPU
		{7721908A-EF46-4C8C-9DC0-3885956B9389}.Debug|Any CPU.ActiveCfg = Debug|Any CPU
		{7721908A-EF46-4C8C-9DC0-3885956B9389}.Debug|Any CPU.Build.0 = Debug|Any CPU
		{7721908A-EF46-4C8C-9DC0-3885956B9389}.Release|Any CPU.ActiveCfg = Release|Any CPU
		{7721908A-EF46-4C8C-9DC0-3885956B9389}.Release|Any CPU.Build.0 = Release|Any CPU
		{0D9869EC-023A-4EE1-B9E9-A0ADC9B508AD}.Debug|Any CPU.ActiveCfg = Debug|Any CPU
		{0D9869EC-023A-4EE1-B9E9-A0ADC9B508AD}.Debug|Any CPU.Build.0 = Debug|Any CPU
		{0D9869EC-023A-4EE1-B9E9-A0ADC9B508AD}.Release|Any CPU.ActiveCfg = Release|Any CPU
		{0D9869EC-023A-4EE1-B9E9-A0ADC9B508AD}.Release|Any CPU.Build.0 = Release|Any CPU
		{C6148093-D401-4181-9515-FBBF49BF71CC}.Debug|Any CPU.ActiveCfg = Debug|Any CPU
		{C6148093-D401-4181-9515-FBBF49BF71CC}.Debug|Any CPU.Build.0 = Debug|Any CPU
		{C6148093-D401-4181-9515-FBBF49BF71CC}.Release|Any CPU.ActiveCfg = Release|Any CPU
		{C6148093-D401-4181-9515-FBBF49BF71CC}.Release|Any CPU.Build.0 = Release|Any CPU
		{2C826B63-D82A-4C0B-81D7-C98C3DAA57D5}.Debug|Any CPU.ActiveCfg = Debug|Any CPU
		{2C826B63-D82A-4C0B-81D7-C98C3DAA57D5}.Debug|Any CPU.Build.0 = Debug|Any CPU
		{2C826B63-D82A-4C0B-81D7-C98C3DAA57D5}.Release|Any CPU.ActiveCfg = Release|Any CPU
		{2C826B63-D82A-4C0B-81D7-C98C3DAA57D5}.Release|Any CPU.Build.0 = Release|Any CPU
	EndGlobalSection
	GlobalSection(SolutionProperties) = preSolution
		HideSolutionNode = FALSE
	EndGlobalSection
	GlobalSection(ExtensibilityGlobals) = postSolution
		SolutionGuid = {A910596C-0D32-43CD-93E7-D55FAC0F0866}
	EndGlobalSection
EndGlobal
